
Microsoft Visual Studio Solution File, Format Version 12.00
# Visual Studio Version 17
VisualStudioVersion = 17.0.31912.275
MinimumVisualStudioVersion = 10.0.40219.1
Project("{FAE04EC0-301F-11D3-BF4B-00C04F79EFBC}") = "Actividad1", "Actividad1.csproj", "{AA2F1915-497E-4AE4-8F4B-04F17AE15607}"
EndProject
Global
	GlobalSection(SolutionConfigurationPlatforms) = preSolution
		Debug|Any CPU = Debug|Any CPU
		Release|Any CPU = Release|Any CPU
	EndGlobalSection
	GlobalSection(ProjectConfigurationPlatforms) = postSolution
		{AA2F1915-497E-4AE4-8F4B-04F17AE15607}.Debug|Any CPU.ActiveCfg = Debug|Any CPU
		{AA2F1915-497E-4AE4-8F4B-04F17AE15607}.Debug|Any CPU.Build.0 = Debug|Any CPU
		{AA2F1915-497E-4AE4-8F4B-04F17AE15607}.Release|Any CPU.ActiveCfg = Release|Any CPU
		{AA2F1915-497E-4AE4-8F4B-04F17AE15607}.Release|Any CPU.Build.0 = Release|Any CPU
	EndGlobalSection
	GlobalSection(SolutionProperties) = preSolution
		HideSolutionNode = FALSE
	EndGlobalSection
	GlobalSection(ExtensibilityGlobals) = postSolution
		SolutionGuid = {315DACF5-4B83-418D-BB0B-E30DD460F0FF}
	EndGlobalSection
EndGlobal
